
Microsoft Visual Studio Solution File, Format Version 12.00
# Visual Studio Version 17
VisualStudioVersion = 17.1.32421.90
MinimumVisualStudioVersion = 10.0.40219.1
Project("{FAE04EC0-301F-11D3-BF4B-00C04F79EFBC}") = "ShopOnline.Web", "ShopOnline.Web\ShopOnline.Web.csproj", "{EB2A6EF6-FBF6-4C34-A00A-BBA27EF4A0C5}"
EndProject
Project("{FAE04EC0-301F-11D3-BF4B-00C04F79EFBC}") = "ShopOnline.API", "ShopOnline.API\ShopOnline.API.csproj", "{E696C850-9A24-4E2C-B2D2-B46B139E281C}"
EndProject
Global
	GlobalSection(SolutionConfigurationPlatforms) = preSolution
		Debug|Any CPU = Debug|Any CPU
		Release|Any CPU = Release|Any CPU
	EndGlobalSection
	GlobalSection(ProjectConfigurationPlatforms) = postSolution
		{EB2A6EF6-FBF6-4C34-A00A-BBA27EF4A0C5}.Debug|Any CPU.ActiveCfg = Debug|Any CPU
		{EB2A6EF6-FBF6-4C34-A00A-BBA27EF4A0C5}.Debug|Any CPU.Build.0 = Debug|Any CPU
		{EB2A6EF6-FBF6-4C34-A00A-BBA27EF4A0C5}.Release|Any CPU.ActiveCfg = Release|Any CPU
		{EB2A6EF6-FBF6-4C34-A00A-BBA27EF4A0C5}.Release|Any CPU.Build.0 = Release|Any CPU
		{E696C850-9A24-4E2C-B2D2-B46B139E281C}.Debug|Any CPU.ActiveCfg = Debug|Any CPU
		{E696C850-9A24-4E2C-B2D2-B46B139E281C}.Debug|Any CPU.Build.0 = Debug|Any CPU
		{E696C850-9A24-4E2C-B2D2-B46B139E281C}.Release|Any CPU.ActiveCfg = Release|Any CPU
		{E696C850-9A24-4E2C-B2D2-B46B139E281C}.Release|Any CPU.Build.0 = Release|Any CPU
	EndGlobalSection
	GlobalSection(SolutionProperties) = preSolution
		HideSolutionNode = FALSE
	EndGlobalSection
	GlobalSection(ExtensibilityGlobals) = postSolution
		SolutionGuid = {90C54778-408F-4A98-8E4B-82F51D2DE7E7}
	EndGlobalSection
EndGlobal
